<?xml version="1.0" encoding="utf-8"?>
<Project ToolsVersion="4.0" xmlns="http://schemas.microsoft.com/developer/msbuild/2003">
  <ItemGroup>
    <Filter Include="src">
      <UniqueIdentifier>{6c2d49b4-c1b7-4580-95bf-c26c5aafea70}</UniqueIdentifier>
    </Filter>
    <Filter Include="src\libffsp">
      <UniqueIdentifier>{792b11bc-3e3e-4e8d-9936-e066f5c47431}</UniqueIdentifier>
    </Filter>
    <Filter Include="src\libffsp\win32">
      <UniqueIdentifier>{6d815010-3654-4852-8616-44d7e1d4f16c}</UniqueIdentifier>
    </Filter>
  </ItemGroup>
  <ItemGroup>
    <ClCompile Include="..\src\mkfs.ffsp.c">
      <Filter>src</Filter>
    </ClCompile>
    <ClCompile Include="..\src\libffsp\win32\strndup.c">
      <Filter>src\libffsp\win32</Filter>
    </ClCompile>
    <ClCompile Include="..\src\libffsp\win32\gettimeofday.c">
      <Filter>src\libffsp\win32</Filter>
    </ClCompile>
    <ClCompile Include="..\src\libffsp\win32\getopt.c">
      <Filter>src\libffsp\win32</Filter>
    </ClCompile>
    <ClCompile Include="..\src\libffsp\io_raw.c">
      <Filter>src\libffsp</Filter>
    </ClCompile>
    <ClCompile Include="..\src\libffsp\log.c">
      <Filter>src\libffsp</Filter>
    </ClCompile>
    <ClCompile Include="..\src\libffsp\debug.c">
      <Filter>src\libffsp</Filter>
    </ClCompile>
    <ClCompile Include="..\src\libffsp\utils.c">
      <Filter>src\libffsp</Filter>
    </ClCompile>
    <ClCompile Include="..\src\libffsp\inode.c">
      <Filter>src\libffsp</Filter>
    </ClCompile>
    <ClCompile Include="..\src\libffsp\io.c">
      <Filter>src\libffsp</Filter>
    </ClCompile>
    <ClCompile Include="..\src\libffsp\eraseblk.c">
      <Filter>src\libffsp</Filter>
    </ClCompile>
    <ClCompile Include="..\src\libffsp\gc.c">
      <Filter>src\libffsp</Filter>
    </ClCompile>
    <ClCompile Include="..\src\libffsp\inode_cache.c">
      <Filter>src\libffsp</Filter>
    </ClCompile>
    <ClCompile Include="..\src\libffsp\summary.c">
      <Filter>src\libffsp</Filter>
    </ClCompile>
    <ClCompile Include="..\src\libffsp\inode_group.c">
      <Filter>src\libffsp</Filter>
    </ClCompile>
  </ItemGroup>
  <ItemGroup>
    <ClInclude Include="..\src\libffsp\win32\getopt.h">
      <Filter>src\libffsp\win32</Filter>
    </ClInclude>
    <ClInclude Include="..\src\libffsp\io_raw.h">
      <Filter>src\libffsp</Filter>
    </ClInclude>
    <ClInclude Include="..\src\libffsp\log.h">
      <Filter>src\libffsp</Filter>
    </ClInclude>
    <ClInclude Include="..\src\libffsp\debug.h">
      <Filter>src\libffsp</Filter>
    </ClInclude>
    <ClInclude Include="..\src\libffsp\utils.h">
      <Filter>src\libffsp</Filter>
    </ClInclude>
    <ClInclude Include="..\src\libffsp\inode.h">
      <Filter>src\libffsp</Filter>
    </ClInclude>
    <ClInclude Include="..\src\libffsp\io.h">
      <Filter>src\libffsp</Filter>
    </ClInclude>
    <ClInclude Include="..\src\libffsp\eraseblk.h">
      <Filter>src\libffsp</Filter>
    </ClInclude>
    <ClInclude Include="..\src\libffsp\gc.h">
      <Filter>src\libffsp</Filter>
    </ClInclude>
    <ClInclude Include="..\src\libffsp\inode_cache.h">
      <Filter>src\libffsp</Filter>
    </ClInclude>
    <ClInclude Include="..\src\libffsp\summary.h">
      <Filter>src\libffsp</Filter>
    </ClInclude>
    <ClInclude Include="..\src\libffsp\inode_group.h">
      <Filter>src\libffsp</Filter>
    </ClInclude>
    <ClInclude Include="..\src\libffsp\bitops.h">
      <Filter>src\libffsp</Filter>
    </ClInclude>
    <ClInclude Include="..\src\libffsp\byteorder.h">
      <Filter>src\libffsp</Filter>
    </ClInclude>
    <ClInclude Include="..\src\libffsp\ffsp.h">
      <Filter>src\libffsp</Filter>
    </ClInclude>
  </ItemGroup>
</Project>