<?xml version="1.0" encoding="utf-8"?>
<Project ToolsVersion="4.0" xmlns="http://schemas.microsoft.com/developer/msbuild/2003">
  <ItemGroup>
    <Filter Include="src">
      <UniqueIdentifier>{d78dbaf7-f225-4281-a1e6-a646b48131b9}</UniqueIdentifier>
    </Filter>
    <Filter Include="src\libffsp">
      <UniqueIdentifier>{414763e6-4738-4115-b6c5-ef54764f10a5}</UniqueIdentifier>
    </Filter>
    <Filter Include="src\libffsp\win32">
      <UniqueIdentifier>{03b2090c-8c67-41e8-96ba-357281f49670}</UniqueIdentifier>
    </Filter>
  </ItemGroup>
  <ItemGroup>
    <ClCompile Include="..\src\libffsp\win32\getopt.c">
      <Filter>src\libffsp\win32</Filter>
    </ClCompile>
    <ClCompile Include="..\src\libffsp\win32\gettimeofday.c">
      <Filter>src\libffsp\win32</Filter>
    </ClCompile>
    <ClCompile Include="..\src\libffsp\win32\strndup.c">
      <Filter>src\libffsp\win32</Filter>
    </ClCompile>
    <ClCompile Include="..\src\libffsp\debug.c">
      <Filter>src\libffsp</Filter>
    </ClCompile>
    <ClCompile Include="..\src\libffsp\eraseblk.c">
      <Filter>src\libffsp</Filter>
    </ClCompile>
    <ClCompile Include="..\src\libffsp\gc.c">
      <Filter>src\libffsp</Filter>
    </ClCompile>
    <ClCompile Include="..\src\libffsp\inode.c">
      <Filter>src\libffsp</Filter>
    </ClCompile>
    <ClCompile Include="..\src\libffsp\inode_cache.c">
      <Filter>src\libffsp</Filter>
    </ClCompile>
    <ClCompile Include="..\src\libffsp\inode_group.c">
      <Filter>src\libffsp</Filter>
    </ClCompile>
    <ClCompile Include="..\src\libffsp\io.c">
      <Filter>src\libffsp</Filter>
    </ClCompile>
    <ClCompile Include="..\src\libffsp\io_raw.c">
      <Filter>src\libffsp</Filter>
    </ClCompile>
    <ClCompile Include="..\src\libffsp\log.c">
      <Filter>src\libffsp</Filter>
    </ClCompile>
    <ClCompile Include="..\src\libffsp\mount.c">
      <Filter>src\libffsp</Filter>
    </ClCompile>
    <ClCompile Include="..\src\libffsp\summary.c">
      <Filter>src\libffsp</Filter>
    </ClCompile>
    <ClCompile Include="..\src\libffsp\utils.c">
      <Filter>src\libffsp</Filter>
    </ClCompile>
    <ClCompile Include="..\src\mount.ffsp.c">
      <Filter>src</Filter>
    </ClCompile>
  </ItemGroup>
  <ItemGroup>
    <ClInclude Include="..\src\libffsp\win32\getopt.h">
      <Filter>src\libffsp\win32</Filter>
    </ClInclude>
    <ClInclude Include="..\src\libffsp\bitops.h">
      <Filter>src\libffsp</Filter>
    </ClInclude>
    <ClInclude Include="..\src\libffsp\byteorder.h">
      <Filter>src\libffsp</Filter>
    </ClInclude>
    <ClInclude Include="..\src\libffsp\debug.h">
      <Filter>src\libffsp</Filter>
    </ClInclude>
    <ClInclude Include="..\src\libffsp\eraseblk.h">
      <Filter>src\libffsp</Filter>
    </ClInclude>
    <ClInclude Include="..\src\libffsp\ffsp.h">
      <Filter>src\libffsp</Filter>
    </ClInclude>
    <ClInclude Include="..\src\libffsp\gc.h">
      <Filter>src\libffsp</Filter>
    </ClInclude>
    <ClInclude Include="..\src\libffsp\inode.h">
      <Filter>src\libffsp</Filter>
    </ClInclude>
    <ClInclude Include="..\src\libffsp\inode_cache.h">
      <Filter>src\libffsp</Filter>
    </ClInclude>
    <ClInclude Include="..\src\libffsp\inode_group.h">
      <Filter>src\libffsp</Filter>
    </ClInclude>
    <ClInclude Include="..\src\libffsp\io.h">
      <Filter>src\libffsp</Filter>
    </ClInclude>
    <ClInclude Include="..\src\libffsp\io_raw.h">
      <Filter>src\libffsp</Filter>
    </ClInclude>
    <ClInclude Include="..\src\libffsp\log.h">
      <Filter>src\libffsp</Filter>
    </ClInclude>
    <ClInclude Include="..\src\libffsp\mount.h">
      <Filter>src\libffsp</Filter>
    </ClInclude>
    <ClInclude Include="..\src\libffsp\summary.h">
      <Filter>src\libffsp</Filter>
    </ClInclude>
    <ClInclude Include="..\src\libffsp\utils.h">
      <Filter>src\libffsp</Filter>
    </ClInclude>
  </ItemGroup>
</Project>